
Microsoft Visual Studio Solution File, Format Version 12.00
# Visual Studio Version 16
VisualStudioVersion = 16.0.30523.141
MinimumVisualStudioVersion = 10.0.40219.1
Project("{FAE04EC0-301F-11D3-BF4B-00C04F79EFBC}") = "DB", "DB\DB.csproj", "{3FF0E947-6244-478D-BB84-4222C8F34E5E}"
EndProject
Global
	GlobalSection(SolutionConfigurationPlatforms) = preSolution
		Debug|Any CPU = Debug|Any CPU
		Release|Any CPU = Release|Any CPU
	EndGlobalSection
	GlobalSection(ProjectConfigurationPlatforms) = postSolution
		{3FF0E947-6244-478D-BB84-4222C8F34E5E}.Debug|Any CPU.ActiveCfg = Debug|Any CPU
		{3FF0E947-6244-478D-BB84-4222C8F34E5E}.Debug|Any CPU.Build.0 = Debug|Any CPU
		{3FF0E947-6244-478D-BB84-4222C8F34E5E}.Release|Any CPU.ActiveCfg = Release|Any CPU
		{3FF0E947-6244-478D-BB84-4222C8F34E5E}.Release|Any CPU.Build.0 = Release|Any CPU
	EndGlobalSection
	GlobalSection(SolutionProperties) = preSolution
		HideSolutionNode = FALSE
	EndGlobalSection
	GlobalSection(ExtensibilityGlobals) = postSolution
		SolutionGuid = {FBD79ED7-002E-4C87-9B2F-3E7EDE74631C}
	EndGlobalSection
EndGlobal
